
Microsoft Visual Studio Solution File, Format Version 12.00
# Visual Studio 14
VisualStudioVersion = 14.0.25420.1
MinimumVisualStudioVersion = 10.0.40219.1
Project("{2150E333-8FDC-42A3-9474-1A3956D46DE8}") = "Common", "Common", "{79894DD1-472E-4B75-8609-0B936262B1F7}"
EndProject
Project("{FAE04EC0-301F-11D3-BF4B-00C04F79EFBC}") = "RaoRao.Common.XlsIO", "RaoRao.Common.XlsIO\RaoRao.Common.XlsIO.csproj", "{CAD8FFB8-EB86-4B1E-955E-586A4EE2EB6F}"
EndProject
Project("{FAE04EC0-301F-11D3-BF4B-00C04F79EFBC}") = "Lib", "Lib\Lib.csproj", "{454AFBFD-C104-4655-817C-11ECCDFC5621}"
EndProject
Project("{2150E333-8FDC-42A3-9474-1A3956D46DE8}") = "App", "App", "{6AD3CF0E-32FB-4EC9-8778-748AB19ADB21}"
EndProject
Project("{FAE04EC0-301F-11D3-BF4B-00C04F79EFBC}") = "ConsoleApplication1", "ConsoleApplication1\ConsoleApplication1.csproj", "{F2397934-0700-4545-A943-DBE3675F9A19}"
EndProject
Project("{FAE04EC0-301F-11D3-BF4B-00C04F79EFBC}") = "WebApplication1", "WebApplication1\WebApplication1.csproj", "{A42A6712-8A31-4D63-9B3C-97E9DA2F3464}"
EndProject
Project("{FAE04EC0-301F-11D3-BF4B-00C04F79EFBC}") = "WindowsFormsApplication1", "WindowsFormsApplication1\WindowsFormsApplication1.csproj", "{916C5388-EFC5-4B82-B6CF-51863B4A8564}"
EndProject
Global
	GlobalSection(SubversionScc) = preSolution
		Svn-Managed = True
		Manager = AnkhSVN - Subversion Support for Visual Studio
	EndGlobalSection
	GlobalSection(SolutionConfigurationPlatforms) = preSolution
		Debug|Any CPU = Debug|Any CPU
		Release|Any CPU = Release|Any CPU
	EndGlobalSection
	GlobalSection(ProjectConfigurationPlatforms) = postSolution
		{CAD8FFB8-EB86-4B1E-955E-586A4EE2EB6F}.Debug|Any CPU.ActiveCfg = Debug|Any CPU
		{CAD8FFB8-EB86-4B1E-955E-586A4EE2EB6F}.Debug|Any CPU.Build.0 = Debug|Any CPU
		{CAD8FFB8-EB86-4B1E-955E-586A4EE2EB6F}.Release|Any CPU.ActiveCfg = Release|Any CPU
		{CAD8FFB8-EB86-4B1E-955E-586A4EE2EB6F}.Release|Any CPU.Build.0 = Release|Any CPU
		{454AFBFD-C104-4655-817C-11ECCDFC5621}.Debug|Any CPU.ActiveCfg = Debug|Any CPU
		{454AFBFD-C104-4655-817C-11ECCDFC5621}.Debug|Any CPU.Build.0 = Debug|Any CPU
		{454AFBFD-C104-4655-817C-11ECCDFC5621}.Release|Any CPU.ActiveCfg = Release|Any CPU
		{454AFBFD-C104-4655-817C-11ECCDFC5621}.Release|Any CPU.Build.0 = Release|Any CPU
		{F2397934-0700-4545-A943-DBE3675F9A19}.Debug|Any CPU.ActiveCfg = Debug|Any CPU
		{F2397934-0700-4545-A943-DBE3675F9A19}.Debug|Any CPU.Build.0 = Debug|Any CPU
		{F2397934-0700-4545-A943-DBE3675F9A19}.Release|Any CPU.ActiveCfg = Release|Any CPU
		{F2397934-0700-4545-A943-DBE3675F9A19}.Release|Any CPU.Build.0 = Release|Any CPU
		{A42A6712-8A31-4D63-9B3C-97E9DA2F3464}.Debug|Any CPU.ActiveCfg = Debug|Any CPU
		{A42A6712-8A31-4D63-9B3C-97E9DA2F3464}.Debug|Any CPU.Build.0 = Debug|Any CPU
		{A42A6712-8A31-4D63-9B3C-97E9DA2F3464}.Release|Any CPU.ActiveCfg = Release|Any CPU
		{A42A6712-8A31-4D63-9B3C-97E9DA2F3464}.Release|Any CPU.Build.0 = Release|Any CPU
		{916C5388-EFC5-4B82-B6CF-51863B4A8564}.Debug|Any CPU.ActiveCfg = Debug|Any CPU
		{916C5388-EFC5-4B82-B6CF-51863B4A8564}.Debug|Any CPU.Build.0 = Debug|Any CPU
		{916C5388-EFC5-4B82-B6CF-51863B4A8564}.Release|Any CPU.ActiveCfg = Release|Any CPU
		{916C5388-EFC5-4B82-B6CF-51863B4A8564}.Release|Any CPU.Build.0 = Release|Any CPU
	EndGlobalSection
	GlobalSection(SolutionProperties) = preSolution
		HideSolutionNode = FALSE
	EndGlobalSection
	GlobalSection(NestedProjects) = preSolution
		{CAD8FFB8-EB86-4B1E-955E-586A4EE2EB6F} = {79894DD1-472E-4B75-8609-0B936262B1F7}
		{F2397934-0700-4545-A943-DBE3675F9A19} = {6AD3CF0E-32FB-4EC9-8778-748AB19ADB21}
		{A42A6712-8A31-4D63-9B3C-97E9DA2F3464} = {6AD3CF0E-32FB-4EC9-8778-748AB19ADB21}
		{916C5388-EFC5-4B82-B6CF-51863B4A8564} = {6AD3CF0E-32FB-4EC9-8778-748AB19ADB21}
	EndGlobalSection
EndGlobal
